
Microsoft Visual Studio Solution File, Format Version 12.00
# Visual Studio Version 17
VisualStudioVersion = 17.4.33213.308
MinimumVisualStudioVersion = 10.0.40219.1
Project("{FAE04EC0-301F-11D3-BF4B-00C04F79EFBC}") = "SaleManagementClient", "SaleManagementClient\SaleManagementClient.csproj", "{C65BDF7E-A3E8-48AF-BE45-64FB3A2BB2DF}"
EndProject
Project("{FAE04EC0-301F-11D3-BF4B-00C04F79EFBC}") = "SaleManagementDAL", "SaleManagementDAL\SaleManagementDAL.csproj", "{15062AA1-FD65-458D-9502-53CEDCCD13DD}"
EndProject
Project("{FAE04EC0-301F-11D3-BF4B-00C04F79EFBC}") = "SaleManagementRepository", "SaleManagementRepository\SaleManagementRepository.csproj", "{70A14486-BE8D-409D-B606-8AB9E0E8F9B3}"
EndProject
Global
	GlobalSection(SolutionConfigurationPlatforms) = preSolution
		Debug|Any CPU = Debug|Any CPU
		Release|Any CPU = Release|Any CPU
	EndGlobalSection
	GlobalSection(ProjectConfigurationPlatforms) = postSolution
		{C65BDF7E-A3E8-48AF-BE45-64FB3A2BB2DF}.Debug|Any CPU.ActiveCfg = Debug|Any CPU
		{C65BDF7E-A3E8-48AF-BE45-64FB3A2BB2DF}.Debug|Any CPU.Build.0 = Debug|Any CPU
		{C65BDF7E-A3E8-48AF-BE45-64FB3A2BB2DF}.Release|Any CPU.ActiveCfg = Release|Any CPU
		{C65BDF7E-A3E8-48AF-BE45-64FB3A2BB2DF}.Release|Any CPU.Build.0 = Release|Any CPU
		{15062AA1-FD65-458D-9502-53CEDCCD13DD}.Debug|Any CPU.ActiveCfg = Debug|Any CPU
		{15062AA1-FD65-458D-9502-53CEDCCD13DD}.Debug|Any CPU.Build.0 = Debug|Any CPU
		{15062AA1-FD65-458D-9502-53CEDCCD13DD}.Release|Any CPU.ActiveCfg = Release|Any CPU
		{15062AA1-FD65-458D-9502-53CEDCCD13DD}.Release|Any CPU.Build.0 = Release|Any CPU
		{70A14486-BE8D-409D-B606-8AB9E0E8F9B3}.Debug|Any CPU.ActiveCfg = Debug|Any CPU
		{70A14486-BE8D-409D-B606-8AB9E0E8F9B3}.Debug|Any CPU.Build.0 = Debug|Any CPU
		{70A14486-BE8D-409D-B606-8AB9E0E8F9B3}.Release|Any CPU.ActiveCfg = Release|Any CPU
		{70A14486-BE8D-409D-B606-8AB9E0E8F9B3}.Release|Any CPU.Build.0 = Release|Any CPU
	EndGlobalSection
	GlobalSection(SolutionProperties) = preSolution
		HideSolutionNode = FALSE
	EndGlobalSection
	GlobalSection(ExtensibilityGlobals) = postSolution
		SolutionGuid = {6EB748B7-C168-46CD-B776-B1D4D782BF41}
	EndGlobalSection
EndGlobal
